
Microsoft Visual Studio Solution File, Format Version 12.00
# Visual Studio Version 17
VisualStudioVersion = 17.4.33205.214
MinimumVisualStudioVersion = 10.0.40219.1
Project("{9A19103F-16F7-4668-BE54-9A1E7A4F7556}") = "ProblemSolving", "ProblemSolving\ProblemSolving.csproj", "{440B33B1-91B0-45FF-A709-374359BF099B}"
EndProject
Project("{FAE04EC0-301F-11D3-BF4B-00C04F79EFBC}") = "ProblemSolving.Tests", "ProblemSolving.Tests\ProblemSolving.Tests.csproj", "{822F0F05-410C-464F-86C5-684D7FBAD63E}"
EndProject
Global
	GlobalSection(SolutionConfigurationPlatforms) = preSolution
		Debug|Any CPU = Debug|Any CPU
		Release|Any CPU = Release|Any CPU
	EndGlobalSection
	GlobalSection(ProjectConfigurationPlatforms) = postSolution
		{440B33B1-91B0-45FF-A709-374359BF099B}.Debug|Any CPU.ActiveCfg = Debug|Any CPU
		{440B33B1-91B0-45FF-A709-374359BF099B}.Debug|Any CPU.Build.0 = Debug|Any CPU
		{440B33B1-91B0-45FF-A709-374359BF099B}.Release|Any CPU.ActiveCfg = Release|Any CPU
		{440B33B1-91B0-45FF-A709-374359BF099B}.Release|Any CPU.Build.0 = Release|Any CPU
		{822F0F05-410C-464F-86C5-684D7FBAD63E}.Debug|Any CPU.ActiveCfg = Debug|Any CPU
		{822F0F05-410C-464F-86C5-684D7FBAD63E}.Debug|Any CPU.Build.0 = Debug|Any CPU
		{822F0F05-410C-464F-86C5-684D7FBAD63E}.Release|Any CPU.ActiveCfg = Release|Any CPU
		{822F0F05-410C-464F-86C5-684D7FBAD63E}.Release|Any CPU.Build.0 = Release|Any CPU
	EndGlobalSection
	GlobalSection(SolutionProperties) = preSolution
		HideSolutionNode = FALSE
	EndGlobalSection
	GlobalSection(ExtensibilityGlobals) = postSolution
		SolutionGuid = {97AE94B5-ABA7-45E8-B7FD-B773EFCBC044}
	EndGlobalSection
EndGlobal
